
Microsoft Visual Studio Solution File, Format Version 12.00
# Visual Studio Version 17
VisualStudioVersion = 17.9.34728.123
MinimumVisualStudioVersion = 10.0.40219.1
Project("{FAE04EC0-301F-11D3-BF4B-00C04F79EFBC}") = "Labb3API", "Labb3API.csproj", "{7C10AEDE-EF9C-443D-900C-76703C89D880}"
EndProject
Global
	GlobalSection(SolutionConfigurationPlatforms) = preSolution
		Debug|Any CPU = Debug|Any CPU
		Release|Any CPU = Release|Any CPU
	EndGlobalSection
	GlobalSection(ProjectConfigurationPlatforms) = postSolution
		{7C10AEDE-EF9C-443D-900C-76703C89D880}.Debug|Any CPU.ActiveCfg = Debug|Any CPU
		{7C10AEDE-EF9C-443D-900C-76703C89D880}.Debug|Any CPU.Build.0 = Debug|Any CPU
		{7C10AEDE-EF9C-443D-900C-76703C89D880}.Release|Any CPU.ActiveCfg = Release|Any CPU
		{7C10AEDE-EF9C-443D-900C-76703C89D880}.Release|Any CPU.Build.0 = Release|Any CPU
	EndGlobalSection
	GlobalSection(SolutionProperties) = preSolution
		HideSolutionNode = FALSE
	EndGlobalSection
	GlobalSection(ExtensibilityGlobals) = postSolution
		SolutionGuid = {B05869E5-788E-44AB-B7AA-D6DDF69B8662}
	EndGlobalSection
EndGlobal
